
Microsoft Visual Studio Solution File, Format Version 12.00
# Visual Studio Version 16
VisualStudioVersion = 16.0.30114.105
MinimumVisualStudioVersion = 10.0.40219.1
Project("{FAE04EC0-301F-11D3-BF4B-00C04F79EFBC}") = "API", "API\API.csproj", "{6926E9A2-CE1B-473E-9FA0-B1F6E79BADF3}"
EndProject
Project("{FAE04EC0-301F-11D3-BF4B-00C04F79EFBC}") = "Application", "Application\Application.csproj", "{27CAD0A8-7060-49A0-922A-85135D9C6171}"
EndProject
Project("{FAE04EC0-301F-11D3-BF4B-00C04F79EFBC}") = "Domain", "Domain\Domain.csproj", "{CC0D1E77-6C23-4C96-A114-D06017B9EE12}"
EndProject
Project("{FAE04EC0-301F-11D3-BF4B-00C04F79EFBC}") = "Persistence", "Persistence\Persistence.csproj", "{A501C2F2-CAF5-49CD-A457-499C556FBFEE}"
EndProject
Project("{FAE04EC0-301F-11D3-BF4B-00C04F79EFBC}") = "Infrastructure", "Infrastructure\Infrastructure.csproj", "{A1F7BDB9-E6BE-43B7-8B80-9A5AB0F4C163}"
EndProject
Global
	GlobalSection(SolutionConfigurationPlatforms) = preSolution
		Debug|Any CPU = Debug|Any CPU
		Debug|x64 = Debug|x64
		Debug|x86 = Debug|x86
		Release|Any CPU = Release|Any CPU
		Release|x64 = Release|x64
		Release|x86 = Release|x86
	EndGlobalSection
	GlobalSection(SolutionProperties) = preSolution
		HideSolutionNode = FALSE
	EndGlobalSection
	GlobalSection(ProjectConfigurationPlatforms) = postSolution
		{6926E9A2-CE1B-473E-9FA0-B1F6E79BADF3}.Debug|Any CPU.ActiveCfg = Debug|Any CPU
		{6926E9A2-CE1B-473E-9FA0-B1F6E79BADF3}.Debug|Any CPU.Build.0 = Debug|Any CPU
		{6926E9A2-CE1B-473E-9FA0-B1F6E79BADF3}.Debug|x64.ActiveCfg = Debug|Any CPU
		{6926E9A2-CE1B-473E-9FA0-B1F6E79BADF3}.Debug|x64.Build.0 = Debug|Any CPU
		{6926E9A2-CE1B-473E-9FA0-B1F6E79BADF3}.Debug|x86.ActiveCfg = Debug|Any CPU
		{6926E9A2-CE1B-473E-9FA0-B1F6E79BADF3}.Debug|x86.Build.0 = Debug|Any CPU
		{6926E9A2-CE1B-473E-9FA0-B1F6E79BADF3}.Release|Any CPU.ActiveCfg = Release|Any CPU
		{6926E9A2-CE1B-473E-9FA0-B1F6E79BADF3}.Release|Any CPU.Build.0 = Release|Any CPU
		{6926E9A2-CE1B-473E-9FA0-B1F6E79BADF3}.Release|x64.ActiveCfg = Release|Any CPU
		{6926E9A2-CE1B-473E-9FA0-B1F6E79BADF3}.Release|x64.Build.0 = Release|Any CPU
		{6926E9A2-CE1B-473E-9FA0-B1F6E79BADF3}.Release|x86.ActiveCfg = Release|Any CPU
		{6926E9A2-CE1B-473E-9FA0-B1F6E79BADF3}.Release|x86.Build.0 = Release|Any CPU
		{27CAD0A8-7060-49A0-922A-85135D9C6171}.Debug|Any CPU.ActiveCfg = Debug|Any CPU
		{27CAD0A8-7060-49A0-922A-85135D9C6171}.Debug|Any CPU.Build.0 = Debug|Any CPU
		{27CAD0A8-7060-49A0-922A-85135D9C6171}.Debug|x64.ActiveCfg = Debug|Any CPU
		{27CAD0A8-7060-49A0-922A-85135D9C6171}.Debug|x64.Build.0 = Debug|Any CPU
		{27CAD0A8-7060-49A0-922A-85135D9C6171}.Debug|x86.ActiveCfg = Debug|Any CPU
		{27CAD0A8-7060-49A0-922A-85135D9C6171}.Debug|x86.Build.0 = Debug|Any CPU
		{27CAD0A8-7060-49A0-922A-85135D9C6171}.Release|Any CPU.ActiveCfg = Release|Any CPU
		{27CAD0A8-7060-49A0-922A-85135D9C6171}.Release|Any CPU.Build.0 = Release|Any CPU
		{27CAD0A8-7060-49A0-922A-85135D9C6171}.Release|x64.ActiveCfg = Release|Any CPU
		{27CAD0A8-7060-49A0-922A-85135D9C6171}.Release|x64.Build.0 = Release|Any CPU
		{27CAD0A8-7060-49A0-922A-85135D9C6171}.Release|x86.ActiveCfg = Release|Any CPU
		{27CAD0A8-7060-49A0-922A-85135D9C6171}.Release|x86.Build.0 = Release|Any CPU
		{CC0D1E77-6C23-4C96-A114-D06017B9EE12}.Debug|Any CPU.ActiveCfg = Debug|Any CPU
		{CC0D1E77-6C23-4C96-A114-D06017B9EE12}.Debug|Any CPU.Build.0 = Debug|Any CPU
		{CC0D1E77-6C23-4C96-A114-D06017B9EE12}.Debug|x64.ActiveCfg = Debug|Any CPU
		{CC0D1E77-6C23-4C96-A114-D06017B9EE12}.Debug|x64.Build.0 = Debug|Any CPU
		{CC0D1E77-6C23-4C96-A114-D06017B9EE12}.Debug|x86.ActiveCfg = Debug|Any CPU
		{CC0D1E77-6C23-4C96-A114-D06017B9EE12}.Debug|x86.Build.0 = Debug|Any CPU
		{CC0D1E77-6C23-4C96-A114-D06017B9EE12}.Release|Any CPU.ActiveCfg = Release|Any CPU
		{CC0D1E77-6C23-4C96-A114-D06017B9EE12}.Release|Any CPU.Build.0 = Release|Any CPU
		{CC0D1E77-6C23-4C96-A114-D06017B9EE12}.Release|x64.ActiveCfg = Release|Any CPU
		{CC0D1E77-6C23-4C96-A114-D06017B9EE12}.Release|x64.Build.0 = Release|Any CPU
		{CC0D1E77-6C23-4C96-A114-D06017B9EE12}.Release|x86.ActiveCfg = Release|Any CPU
		{CC0D1E77-6C23-4C96-A114-D06017B9EE12}.Release|x86.Build.0 = Release|Any CPU
		{A501C2F2-CAF5-49CD-A457-499C556FBFEE}.Debug|Any CPU.ActiveCfg = Debug|Any CPU
		{A501C2F2-CAF5-49CD-A457-499C556FBFEE}.Debug|Any CPU.Build.0 = Debug|Any CPU
		{A501C2F2-CAF5-49CD-A457-499C556FBFEE}.Debug|x64.ActiveCfg = Debug|Any CPU
		{A501C2F2-CAF5-49CD-A457-499C556FBFEE}.Debug|x64.Build.0 = Debug|Any CPU
		{A501C2F2-CAF5-49CD-A457-499C556FBFEE}.Debug|x86.ActiveCfg = Debug|Any CPU
		{A501C2F2-CAF5-49CD-A457-499C556FBFEE}.Debug|x86.Build.0 = Debug|Any CPU
		{A501C2F2-CAF5-49CD-A457-499C556FBFEE}.Release|Any CPU.ActiveCfg = Release|Any CPU
		{A501C2F2-CAF5-49CD-A457-499C556FBFEE}.Release|Any CPU.Build.0 = Release|Any CPU
		{A501C2F2-CAF5-49CD-A457-499C556FBFEE}.Release|x64.ActiveCfg = Release|Any CPU
		{A501C2F2-CAF5-49CD-A457-499C556FBFEE}.Release|x64.Build.0 = Release|Any CPU
		{A501C2F2-CAF5-49CD-A457-499C556FBFEE}.Release|x86.ActiveCfg = Release|Any CPU
		{A501C2F2-CAF5-49CD-A457-499C556FBFEE}.Release|x86.Build.0 = Release|Any CPU
		{A1F7BDB9-E6BE-43B7-8B80-9A5AB0F4C163}.Debug|Any CPU.ActiveCfg = Debug|Any CPU
		{A1F7BDB9-E6BE-43B7-8B80-9A5AB0F4C163}.Debug|Any CPU.Build.0 = Debug|Any CPU
		{A1F7BDB9-E6BE-43B7-8B80-9A5AB0F4C163}.Debug|x64.ActiveCfg = Debug|Any CPU
		{A1F7BDB9-E6BE-43B7-8B80-9A5AB0F4C163}.Debug|x64.Build.0 = Debug|Any CPU
		{A1F7BDB9-E6BE-43B7-8B80-9A5AB0F4C163}.Debug|x86.ActiveCfg = Debug|Any CPU
		{A1F7BDB9-E6BE-43B7-8B80-9A5AB0F4C163}.Debug|x86.Build.0 = Debug|Any CPU
		{A1F7BDB9-E6BE-43B7-8B80-9A5AB0F4C163}.Release|Any CPU.ActiveCfg = Release|Any CPU
		{A1F7BDB9-E6BE-43B7-8B80-9A5AB0F4C163}.Release|Any CPU.Build.0 = Release|Any CPU
		{A1F7BDB9-E6BE-43B7-8B80-9A5AB0F4C163}.Release|x64.ActiveCfg = Release|Any CPU
		{A1F7BDB9-E6BE-43B7-8B80-9A5AB0F4C163}.Release|x64.Build.0 = Release|Any CPU
		{A1F7BDB9-E6BE-43B7-8B80-9A5AB0F4C163}.Release|x86.ActiveCfg = Release|Any CPU
		{A1F7BDB9-E6BE-43B7-8B80-9A5AB0F4C163}.Release|x86.Build.0 = Release|Any CPU
	EndGlobalSection
EndGlobal
